
Microsoft Visual Studio Solution File, Format Version 12.00
# Visual Studio Version 17
VisualStudioVersion = 17.8.34330.188
MinimumVisualStudioVersion = 10.0.40219.1
Project("{FAE04EC0-301F-11D3-BF4B-00C04F79EFBC}") = "AppMapper", "AppMapper\AppMapper.csproj", "{DDEF432F-300D-45FF-A6E1-66B5FDD83634}"
EndProject
Global
	GlobalSection(SolutionConfigurationPlatforms) = preSolution
		Debug|Any CPU = Debug|Any CPU
		Release|Any CPU = Release|Any CPU
	EndGlobalSection
	GlobalSection(ProjectConfigurationPlatforms) = postSolution
		{DDEF432F-300D-45FF-A6E1-66B5FDD83634}.Debug|Any CPU.ActiveCfg = Debug|Any CPU
		{DDEF432F-300D-45FF-A6E1-66B5FDD83634}.Debug|Any CPU.Build.0 = Debug|Any CPU
		{DDEF432F-300D-45FF-A6E1-66B5FDD83634}.Release|Any CPU.ActiveCfg = Release|Any CPU
		{DDEF432F-300D-45FF-A6E1-66B5FDD83634}.Release|Any CPU.Build.0 = Release|Any CPU
	EndGlobalSection
	GlobalSection(SolutionProperties) = preSolution
		HideSolutionNode = FALSE
	EndGlobalSection
	GlobalSection(ExtensibilityGlobals) = postSolution
		SolutionGuid = {17EFA2CD-6A53-4B8B-AC0D-276354B34914}
	EndGlobalSection
EndGlobal
